PODS:
  - JHButton (1.3.2):
    - Masonry
  - JHMediator (1.5.0)
  - Masonry (1.1.0)

DEPENDENCIES:
  - JHButton
  - JHMediator
  - Masonry

SPEC REPOS:
  trunk:
    - JHButton
    - JHMediator
    - Masonry

SPEC CHECKSUMS:
  JHButton: b6a709c33dbbe3493e436dc1364b8715647bb451
  JHMediator: 72cf4a06c91de1cbae957f1bd2669690b03eba28
  Masonry: 678fab65091a9290e40e2832a55e7ab731aad201

PODFILE CHECKSUM: 8ca1bf0baaf225e4035d5d06dc3beee04d64eb03

COCOAPODS: 1.9.1
